
Microsoft Visual Studio Solution File, Format Version 12.00
# Visual Studio Version 16
VisualStudioVersion = 16.0.28803.202
MinimumVisualStudioVersion = 10.0.40219.1
Project("{9A19103F-16F7-4668-BE54-9A1E7A4F7556}") = "csharp-core", "csharp-core\csharp-core.csproj", "{88FB20FE-3DEA-4BCA-BB1A-EB69ADBDBBF8}"
EndProject
Project("{2150E333-8FDC-42A3-9474-1A3956D46DE8}") = "Solution Items", "Solution Items", "{AD055C48-06D7-437C-BF18-F8DA44D46EA2}"
	ProjectSection(SolutionItems) = preProject
		TestSettings1.testsettings = TestSettings1.testsettings
	EndProjectSection
EndProject
Global
	GlobalSection(SolutionConfigurationPlatforms) = preSolution
		Debug|Any CPU = Debug|Any CPU
		Release|Any CPU = Release|Any CPU
	EndGlobalSection
	GlobalSection(ProjectConfigurationPlatforms) = postSolution
		{88FB20FE-3DEA-4BCA-BB1A-EB69ADBDBBF8}.Debug|Any CPU.ActiveCfg = Debug|Any CPU
		{88FB20FE-3DEA-4BCA-BB1A-EB69ADBDBBF8}.Debug|Any CPU.Build.0 = Debug|Any CPU
		{88FB20FE-3DEA-4BCA-BB1A-EB69ADBDBBF8}.Release|Any CPU.ActiveCfg = Release|Any CPU
		{88FB20FE-3DEA-4BCA-BB1A-EB69ADBDBBF8}.Release|Any CPU.Build.0 = Release|Any CPU
	EndGlobalSection
	GlobalSection(SolutionProperties) = preSolution
		HideSolutionNode = FALSE
	EndGlobalSection
	GlobalSection(ExtensibilityGlobals) = postSolution
		SolutionGuid = {7964C5EF-C599-4CBA-B642-B2A0190C9538}
	EndGlobalSection
EndGlobal
